<?xml version="1.0" encoding="utf-8"?>
<Project ToolsVersion="4.0" xmlns="http://schemas.microsoft.com/developer/msbuild/2003">
  <ItemGroup>
    <ClInclude Include="Client.h">
      <Filter>98.Default</Filter>
    </ClInclude>
    <ClInclude Include="Resource.h">
      <Filter>98.Default</Filter>
    </ClInclude>
    <ClInclude Include="stdafx.h">
      <Filter>98.Default</Filter>
    </ClInclude>
    <ClInclude Include="targetver.h">
      <Filter>98.Default</Filter>
    </ClInclude>
    <ClInclude Include="..\Public\MainApp.h">
      <Filter>00.MainApp</Filter>
    </ClInclude>
    <ClInclude Include="..\Public\Client_Defines.h">
      <Filter>99.Defines</Filter>
    </ClInclude>
    <ClInclude Include="..\Public\Level_Loading.h">
      <Filter>01.Level\Loading</Filter>
    </ClInclude>
    <ClInclude Include="..\Public\Level_Logo.h">
      <Filter>01.Level\Logo</Filter>
    </ClInclude>
    <ClInclude Include="..\Public\Loader.h">
      <Filter>01.Level\Loading\Loader</Filter>
    </ClInclude>
    <ClInclude Include="..\public\BackGround.h">
      <Filter>02.GameObject\BackGround</Filter>
    </ClInclude>
    <ClInclude Include="..\Public\Loading.h">
      <Filter>02.GameObject\BackGround\Loading</Filter>
    </ClInclude>
    <ClInclude Include="..\Public\Level_Stage1.h">
      <Filter>01.Level\Stage</Filter>
    </ClInclude>
    <ClInclude Include="..\Public\Lobby_WaitingRoom.h">
      <Filter>02.GameObject\BackGround\Lobby\Lobby_WaitingRoom</Filter>
    </ClInclude>
    <ClInclude Include="..\Public\UIBackground.h">
      <Filter>02.GameObject\UI\BackGround</Filter>
    </ClInclude>
    <ClInclude Include="..\Public\Lobby_Main.h">
      <Filter>02.GameObject\BackGround\Lobby\Lobby_Main</Filter>
    </ClInclude>
    <ClInclude Include="..\Public\UIIcon.h">
      <Filter>02.GameObject\UI\Icon</Filter>
    </ClInclude>
    <ClInclude Include="..\Public\Level_Lobby.h">
      <Filter>01.Level\Lobby</Filter>
    </ClInclude>
    <ClInclude Include="..\Public\Lobby_AddItems.h">
      <Filter>02.GameObject\BackGround\Lobby\Lobby_AddItems</Filter>
    </ClInclude>
    <ClInclude Include="..\Public\Lobby_Store.h">
      <Filter>02.GameObject\BackGround\Lobby\Lobby_Store</Filter>
    </ClInclude>
    <ClInclude Include="..\Public\Item.h">
      <Filter>02.GameObject\Item</Filter>
    </ClInclude>
    <ClInclude Include="..\Public\Camera_Free.h">
      <Filter>02.GameObject\Camera\Camera_Free</Filter>
    </ClInclude>
    <ClInclude Include="..\Public\Sky.h">
      <Filter>02.GameObject\SkyBox</Filter>
    </ClInclude>
  </ItemGroup>
  <ItemGroup>
    <ClCompile Include="Client.cpp">
      <Filter>98.Default</Filter>
    </ClCompile>
    <ClCompile Include="stdafx.cpp">
      <Filter>98.Default</Filter>
    </ClCompile>
    <ClCompile Include="..\Private\MainApp.cpp">
      <Filter>00.MainApp</Filter>
    </ClCompile>
    <ClCompile Include="..\Private\Level_Lobby.cpp">
      <Filter>01.Level\Lobby</Filter>
    </ClCompile>
    <ClCompile Include="..\Private\Level_Loading.cpp">
      <Filter>01.Level\Loading</Filter>
    </ClCompile>
    <ClCompile Include="..\Private\Level_Logo.cpp">
      <Filter>01.Level\Logo</Filter>
    </ClCompile>
    <ClCompile Include="..\Private\Loader.cpp">
      <Filter>01.Level\Loading\Loader</Filter>
    </ClCompile>
    <ClCompile Include="..\private\BackGround.cpp">
      <Filter>02.GameObject\BackGround</Filter>
    </ClCompile>
    <ClCompile Include="..\Private\Loading.cpp">
      <Filter>02.GameObject\BackGround\Loading</Filter>
    </ClCompile>
    <ClCompile Include="..\Private\Level_Stage1.cpp">
      <Filter>01.Level\Stage</Filter>
    </ClCompile>
    <ClCompile Include="..\Private\Lobby_WaitingRoom.cpp">
      <Filter>02.GameObject\BackGround\Lobby\Lobby_WaitingRoom</Filter>
    </ClCompile>
    <ClCompile Include="..\Private\UIBackground.cpp">
      <Filter>02.GameObject\UI\BackGround</Filter>
    </ClCompile>
    <ClCompile Include="..\Private\Lobby_Main.cpp">
      <Filter>02.GameObject\BackGround\Lobby\Lobby_Main</Filter>
    </ClCompile>
    <ClCompile Include="..\Private\UIIcon.cpp">
      <Filter>02.GameObject\UI\Icon</Filter>
    </ClCompile>
    <ClCompile Include="..\Private\Lobby_AddItems.cpp">
      <Filter>02.GameObject\BackGround\Lobby\Lobby_AddItems</Filter>
    </ClCompile>
    <ClCompile Include="..\Private\Lobby_Store.cpp">
      <Filter>02.GameObject\BackGround\Lobby\Lobby_Store</Filter>
    </ClCompile>
    <ClCompile Include="..\Private\Item.cpp">
      <Filter>02.GameObject\Item</Filter>
    </ClCompile>
    <ClCompile Include="..\Private\Camera_Free.cpp">
      <Filter>02.GameObject\Camera\Camera_Free</Filter>
    </ClCompile>
    <ClCompile Include="..\Private\Sky.cpp">
      <Filter>02.GameObject\SkyBox</Filter>
    </ClCompile>
  </ItemGroup>
  <ItemGroup>
    <Image Include="Client.ico">
      <Filter>98.Default</Filter>
    </Image>
    <Image Include="small.ico">
      <Filter>98.Default</Filter>
    </Image>
  </ItemGroup>
  <ItemGroup>
    <Filter Include="00.MainApp">
      <UniqueIdentifier>{d893f375-d010-4a8a-bdbc-7084075a09cb}</UniqueIdentifier>
    </Filter>
    <Filter Include="99.Defines">
      <UniqueIdentifier>{ca7671a3-fda7-41c0-8070-09afde17063e}</UniqueIdentifier>
    </Filter>
    <Filter Include="98.Default">
      <UniqueIdentifier>{65376df2-2a03-48c0-b9a4-e1bcd404fb50}</UniqueIdentifier>
    </Filter>
    <Filter Include="01.Level">
      <UniqueIdentifier>{21371941-8fc0-43d9-b47a-6f347c9fae61}</UniqueIdentifier>
    </Filter>
    <Filter Include="01.Level\Logo">
      <UniqueIdentifier>{289b4d09-7c95-466b-9f74-173b2e22e40e}</UniqueIdentifier>
    </Filter>
    <Filter Include="01.Level\Loading">
      <UniqueIdentifier>{807441ba-e54d-4b86-960a-e96a8505241f}</UniqueIdentifier>
    </Filter>
    <Filter Include="01.Level\Loading\Loader">
      <UniqueIdentifier>{33e1de52-700d-4cac-9e56-af962b2b6268}</UniqueIdentifier>
    </Filter>
    <Filter Include="02.GameObject">
      <UniqueIdentifier>{57f74c26-08d1-4431-861b-7a6105d37c3f}</UniqueIdentifier>
    </Filter>
    <Filter Include="02.GameObject\BackGround">
      <UniqueIdentifier>{c829d861-a14a-4627-a9ce-aa73e649e01e}</UniqueIdentifier>
    </Filter>
    <Filter Include="03.ShaderFiles">
      <UniqueIdentifier>{d3a98933-0c07-4640-bc38-9a0b4f9abd9e}</UniqueIdentifier>
    </Filter>
    <Filter Include="01.Level\Lobby">
      <UniqueIdentifier>{2c0cd078-e1ec-4276-a003-e7ec4d0edcf0}</UniqueIdentifier>
    </Filter>
    <Filter Include="01.Level\Stage">
      <UniqueIdentifier>{7ba9e35c-4673-4fbb-b5f8-631b9e9abe25}</UniqueIdentifier>
    </Filter>
    <Filter Include="02.GameObject\BackGround\Lobby">
      <UniqueIdentifier>{db9771c6-ed05-4149-bd7a-aa8a17d244aa}</UniqueIdentifier>
    </Filter>
    <Filter Include="02.GameObject\BackGround\Lobby\Lobby_WaitingRoom">
      <UniqueIdentifier>{fc748823-651f-435a-86bd-459e6d18d002}</UniqueIdentifier>
    </Filter>
    <Filter Include="02.GameObject\BackGround\Lobby\Lobby_Main">
      <UniqueIdentifier>{0274cd69-4777-4ca3-9878-37152820be8d}</UniqueIdentifier>
    </Filter>
    <Filter Include="02.GameObject\BackGround\Loading">
      <UniqueIdentifier>{98268da5-d936-45a2-a853-506606e8aba6}</UniqueIdentifier>
    </Filter>
    <Filter Include="02.GameObject\BackGround\Lobby\Lobby_AddItems">
      <UniqueIdentifier>{0e291708-5e83-42d0-a397-f32dc17c9d92}</UniqueIdentifier>
    </Filter>
    <Filter Include="02.GameObject\BackGround\Lobby\Lobby_Store">
      <UniqueIdentifier>{e9aea82a-f1e5-45af-be51-f58840590cb0}</UniqueIdentifier>
    </Filter>
    <Filter Include="02.GameObject\UI">
      <UniqueIdentifier>{f03a9b21-23f7-4cae-aa05-9ff33763f2ce}</UniqueIdentifier>
    </Filter>
    <Filter Include="02.GameObject\UI\BackGround">
      <UniqueIdentifier>{4a8baf37-5452-4b5c-a72d-c15e8b4d0a7c}</UniqueIdentifier>
    </Filter>
    <Filter Include="02.GameObject\UI\Icon">
      <UniqueIdentifier>{9af7ccad-c0b1-4ccd-9cd4-ca988c825e58}</UniqueIdentifier>
    </Filter>
    <Filter Include="02.GameObject\Item">
      <UniqueIdentifier>{5c22e3a9-deef-4eb8-acbb-bb7d3987d9d8}</UniqueIdentifier>
    </Filter>
    <Filter Include="02.GameObject\Item\EMF">
      <UniqueIdentifier>{19316ece-7fdd-469a-aa61-57d9ffc504ee}</UniqueIdentifier>
    </Filter>
    <Filter Include="02.GameObject\Item\FlashLight">
      <UniqueIdentifier>{64d8b76c-1c4d-4fb4-8068-0d0b1ea4d1db}</UniqueIdentifier>
    </Filter>
    <Filter Include="02.GameObject\Item\UVLight">
      <UniqueIdentifier>{1c79b06b-d210-4fd9-bf09-05ce274ef6a2}</UniqueIdentifier>
    </Filter>
    <Filter Include="02.GameObject\Item\Video Camera">
      <UniqueIdentifier>{a61a971b-618d-4d4f-a4d6-519c91c48b25}</UniqueIdentifier>
    </Filter>
    <Filter Include="02.GameObject\Item\SpiritBox">
      <UniqueIdentifier>{2001f4b9-4342-48d2-879d-30448ceb0678}</UniqueIdentifier>
    </Filter>
    <Filter Include="02.GameObject\Item\GhostWritingBook">
      <UniqueIdentifier>{2954d003-abb4-490c-b666-3f8117641bf2}</UniqueIdentifier>
    </Filter>
    <Filter Include="02.GameObject\Item\DotsProjecter">
      <UniqueIdentifier>{d80b218c-d9c8-42e6-a209-2141c8b896b7}</UniqueIdentifier>
    </Filter>
    <Filter Include="02.GameObject\Player">
      <UniqueIdentifier>{e66bc9f3-b9e1-4e47-b035-ed700e7051ad}</UniqueIdentifier>
    </Filter>
    <Filter Include="02.GameObject\Ghost">
      <UniqueIdentifier>{f3ca7636-25be-490a-b698-f91da4e9de1a}</UniqueIdentifier>
    </Filter>
    <Filter Include="02.GameObject\Item\Thermometer">
      <UniqueIdentifier>{da948321-6e4e-46f9-ad65-1d576b4a5779}</UniqueIdentifier>
    </Filter>
    <Filter Include="02.GameObject\Camera">
      <UniqueIdentifier>{5d12a99a-44c4-4372-8213-87d41cfa9cc3}</UniqueIdentifier>
    </Filter>
    <Filter Include="02.GameObject\Camera\Camera_Free">
      <UniqueIdentifier>{7eb266e0-882f-4ee7-a30e-83b3e9711426}</UniqueIdentifier>
    </Filter>
    <Filter Include="02.GameObject\SkyBox">
      <UniqueIdentifier>{53853896-c273-4e11-b812-589a75254050}</UniqueIdentifier>
    </Filter>
  </ItemGroup>
  <ItemGroup>
    <ResourceCompile Include="Client.rc">
      <Filter>98.Default</Filter>
    </ResourceCompile>
  </ItemGroup>
  <ItemGroup>
    <Text Include="ReadMe.txt">
      <Filter>98.Default</Filter>
    </Text>
  </ItemGroup>
  <ItemGroup>
    <FxCompile Include="..\Bin\ShaderFiles\Shader_VtxTex.hlsl">
      <Filter>03.ShaderFiles</Filter>
    </FxCompile>
    <FxCompile Include="..\Bin\ShaderFiles\Shader_VtxCubeTex.hlsl">
      <Filter>03.ShaderFiles</Filter>
    </FxCompile>
  </ItemGroup>
</Project>