<?xml version="1.0" encoding="utf-8"?>
<Project ToolsVersion="4.0" xmlns="http://schemas.microsoft.com/developer/msbuild/2003">
  <ItemGroup>
    <Filter Include="Source Files">
      <UniqueIdentifier>{4FC737F1-C7A5-4376-A066-2A32D752A2FF}</UniqueIdentifier>
      <Extensions>cpp;c;cc;cxx;def;odl;idl;hpj;bat;asm;asmx</Extensions>
    </Filter>
    <Filter Include="Header Files">
      <UniqueIdentifier>{93995380-89BD-4b04-88EB-625FBE52EBFB}</UniqueIdentifier>
      <Extensions>h;hh;hpp;hxx;hm;inl;inc;xsd</Extensions>
    </Filter>
    <Filter Include="Resource Files">
      <UniqueIdentifier>{67DA6AB6-F800-4c08-8B7A-83BB121AAD01}</UniqueIdentifier>
      <Extensions>rc;ico;cur;bmp;dlg;rc2;rct;bin;rgs;gif;jpg;jpeg;jpe;resx;tiff;tif;png;wav;mfcribbon-ms</Extensions>
    </Filter>
    <Filter Include="00.MainApp">
      <UniqueIdentifier>{a312422f-c407-45d7-879e-b44710430fa3}</UniqueIdentifier>
    </Filter>
    <Filter Include="01.Device">
      <UniqueIdentifier>{793bde91-a4b0-4b44-87e5-a26db5444fca}</UniqueIdentifier>
    </Filter>
    <Filter Include="99.Header">
      <UniqueIdentifier>{0cdc026f-7695-4945-95d2-feb4ad24c06e}</UniqueIdentifier>
    </Filter>
    <Filter Include="02.Object">
      <UniqueIdentifier>{6365d4a6-0096-41c4-9854-e0f083612af8}</UniqueIdentifier>
    </Filter>
    <Filter Include="03.Camera">
      <UniqueIdentifier>{8ae9e831-7a73-4457-b47a-ca175a778646}</UniqueIdentifier>
    </Filter>
    <Filter Include="02.Object\00.Player">
      <UniqueIdentifier>{285c04e7-0ae3-436e-ac01-0124c6828d30}</UniqueIdentifier>
    </Filter>
    <Filter Include="02.Object\01.Monster">
      <UniqueIdentifier>{d589028b-f888-44e3-a543-89395105e88c}</UniqueIdentifier>
    </Filter>
  </ItemGroup>
  <ItemGroup>
    <Text Include="ReadMe.txt" />
  </ItemGroup>
  <ItemGroup>
    <ClInclude Include="stdafx.h">
      <Filter>Header Files</Filter>
    </ClInclude>
    <ClInclude Include="targetver.h">
      <Filter>Header Files</Filter>
    </ClInclude>
    <ClInclude Include="Resource.h">
      <Filter>Header Files</Filter>
    </ClInclude>
    <ClInclude Include="Win32Project2.h">
      <Filter>Header Files</Filter>
    </ClInclude>
    <ClInclude Include="..\public\MainApp.h">
      <Filter>00.MainApp</Filter>
    </ClInclude>
    <ClInclude Include="..\public\Device.h">
      <Filter>01.Device</Filter>
    </ClInclude>
    <ClInclude Include="..\public\Define.h">
      <Filter>99.Header</Filter>
    </ClInclude>
    <ClInclude Include="..\public\Struct.h">
      <Filter>99.Header</Filter>
    </ClInclude>
    <ClInclude Include="..\public\Camera.h">
      <Filter>03.Camera</Filter>
    </ClInclude>
    <ClInclude Include="..\public\Player.h">
      <Filter>02.Object\00.Player</Filter>
    </ClInclude>
    <ClInclude Include="..\public\Monster.h">
      <Filter>02.Object\01.Monster</Filter>
    </ClInclude>
  </ItemGroup>
  <ItemGroup>
    <ClCompile Include="stdafx.cpp">
      <Filter>Source Files</Filter>
    </ClCompile>
    <ClCompile Include="Win32Project2.cpp">
      <Filter>Source Files</Filter>
    </ClCompile>
    <ClCompile Include="..\private\MainApp.cpp">
      <Filter>00.MainApp</Filter>
    </ClCompile>
    <ClCompile Include="..\private\Device.cpp">
      <Filter>01.Device</Filter>
    </ClCompile>
    <ClCompile Include="..\private\Camera.cpp">
      <Filter>03.Camera</Filter>
    </ClCompile>
    <ClCompile Include="..\private\Player.cpp">
      <Filter>02.Object\00.Player</Filter>
    </ClCompile>
    <ClCompile Include="..\private\Monster.cpp">
      <Filter>02.Object\01.Monster</Filter>
    </ClCompile>
  </ItemGroup>
  <ItemGroup>
    <ResourceCompile Include="Win32Project2.rc">
      <Filter>Resource Files</Filter>
    </ResourceCompile>
  </ItemGroup>
  <ItemGroup>
    <Image Include="small.ico">
      <Filter>Resource Files</Filter>
    </Image>
    <Image Include="Win32Project2.ico">
      <Filter>Resource Files</Filter>
    </Image>
  </ItemGroup>
</Project>